
Microsoft Visual Studio Solution File, Format Version 12.00
# Visual Studio Version 16
VisualStudioVersion = 16.0.29911.84
MinimumVisualStudioVersion = 10.0.40219.1
Project("{00D1A9C2-B5F0-4AF3-8072-F6C62B433612}") = "ApplicationDemoDatabase", "ApplicationDemoDatabase\ApplicationDemoDatabase.sqlproj", "{0FA13B70-A9CC-4ED9-B211-015C3F1D8694}"
EndProject
Project("{FAE04EC0-301F-11D3-BF4B-00C04F79EFBC}") = "AplikacijaDemoWeb", "AplikacijaDemoWeb\AplikacijaDemoWeb.csproj", "{9AF60E1D-F68E-480D-A8EE-C69240C9E5F9}"
EndProject
Global
	GlobalSection(SolutionConfigurationPlatforms) = preSolution
		Debug|Any CPU = Debug|Any CPU
		Release|Any CPU = Release|Any CPU
	EndGlobalSection
	GlobalSection(ProjectConfigurationPlatforms) = postSolution
		{0FA13B70-A9CC-4ED9-B211-015C3F1D8694}.Debug|Any CPU.ActiveCfg = Debug|Any CPU
		{0FA13B70-A9CC-4ED9-B211-015C3F1D8694}.Debug|Any CPU.Build.0 = Debug|Any CPU
		{0FA13B70-A9CC-4ED9-B211-015C3F1D8694}.Debug|Any CPU.Deploy.0 = Debug|Any CPU
		{0FA13B70-A9CC-4ED9-B211-015C3F1D8694}.Release|Any CPU.ActiveCfg = Release|Any CPU
		{0FA13B70-A9CC-4ED9-B211-015C3F1D8694}.Release|Any CPU.Build.0 = Release|Any CPU
		{0FA13B70-A9CC-4ED9-B211-015C3F1D8694}.Release|Any CPU.Deploy.0 = Release|Any CPU
		{9AF60E1D-F68E-480D-A8EE-C69240C9E5F9}.Debug|Any CPU.ActiveCfg = Debug|Any CPU
		{9AF60E1D-F68E-480D-A8EE-C69240C9E5F9}.Debug|Any CPU.Build.0 = Debug|Any CPU
		{9AF60E1D-F68E-480D-A8EE-C69240C9E5F9}.Release|Any CPU.ActiveCfg = Release|Any CPU
		{9AF60E1D-F68E-480D-A8EE-C69240C9E5F9}.Release|Any CPU.Build.0 = Release|Any CPU
	EndGlobalSection
	GlobalSection(SolutionProperties) = preSolution
		HideSolutionNode = FALSE
	EndGlobalSection
	GlobalSection(ExtensibilityGlobals) = postSolution
		SolutionGuid = {239FAF5F-68D1-4640-9609-07EC0E20DB41}
	EndGlobalSection
EndGlobal
